
Microsoft Visual Studio Solution File, Format Version 12.00
# Visual Studio 15
VisualStudioVersion = 15.0.27428.2005
MinimumVisualStudioVersion = 10.0.40219.1
Project("{FAE04EC0-301F-11D3-BF4B-00C04F79EFBC}") = "SpiceSharpBSIM", "SpiceSharpBSIM\SpiceSharpBSIM.csproj", "{C0C54353-8BB5-40CE-9B50-C103451CFD95}"
EndProject
Project("{FAE04EC0-301F-11D3-BF4B-00C04F79EFBC}") = "SpiceSharpBSIMTests", "SpiceSharpBSIMTests\SpiceSharpBSIMTests.csproj", "{973E74D9-9D52-432D-9400-8BAA78D99B5C}"
EndProject
Global
	GlobalSection(SolutionConfigurationPlatforms) = preSolution
		Debug|Any CPU = Debug|Any CPU
		Release|Any CPU = Release|Any CPU
	EndGlobalSection
	GlobalSection(ProjectConfigurationPlatforms) = postSolution
		{C0C54353-8BB5-40CE-9B50-C103451CFD95}.Debug|Any CPU.ActiveCfg = Debug|Any CPU
		{C0C54353-8BB5-40CE-9B50-C103451CFD95}.Debug|Any CPU.Build.0 = Debug|Any CPU
		{C0C54353-8BB5-40CE-9B50-C103451CFD95}.Release|Any CPU.ActiveCfg = Release|Any CPU
		{C0C54353-8BB5-40CE-9B50-C103451CFD95}.Release|Any CPU.Build.0 = Release|Any CPU
		{973E74D9-9D52-432D-9400-8BAA78D99B5C}.Debug|Any CPU.ActiveCfg = Debug|Any CPU
		{973E74D9-9D52-432D-9400-8BAA78D99B5C}.Debug|Any CPU.Build.0 = Debug|Any CPU
		{973E74D9-9D52-432D-9400-8BAA78D99B5C}.Release|Any CPU.ActiveCfg = Release|Any CPU
		{973E74D9-9D52-432D-9400-8BAA78D99B5C}.Release|Any CPU.Build.0 = Release|Any CPU
	EndGlobalSection
	GlobalSection(SolutionProperties) = preSolution
		HideSolutionNode = FALSE
	EndGlobalSection
	GlobalSection(ExtensibilityGlobals) = postSolution
		SolutionGuid = {AEBDF99D-8761-4EF4-8A6C-096EC02A290B}
	EndGlobalSection
EndGlobal
